// !$*UTF8*$!
{
	archiveVersion = 1;
	classes = {
	};
	objectVersion = 50;
	objects = {

/* Begin PBXBuildFile section */
		0879BD432203262C00F3E1EC /* NavigationController.swift in Sources */ = {isa = PBXBuildFile; fileRef = 0879BD422203262C00F3E1EC /* NavigationController.swift */; };
		0879BD452203265400F3E1EC /* PushAnimator.swift in Sources */ = {isa = PBXBuildFile; fileRef = 0879BD442203265400F3E1EC /* PushAnimator.swift */; };
		0879BD472203269E00F3E1EC /* PopAnimator.swift in Sources */ = {isa = PBXBuildFile; fileRef = 0879BD462203269E00F3E1EC /* PopAnimator.swift */; };
		0879BD49220326D700F3E1EC /* InteractiveTransition.swift in Sources */ = {isa = PBXBuildFile; fileRef = 0879BD48220326D700F3E1EC /* InteractiveTransition.swift */; };
		0879BD4B2203293900F3E1EC /* PresentModalAnimator.swift in Sources */ = {isa = PBXBuildFile; fileRef = 0879BD4A2203293900F3E1EC /* PresentModalAnimator.swift */; };
		0879BD4D2203295600F3E1EC /* DismissModalAnimator.swift in Sources */ = {isa = PBXBuildFile; fileRef = 0879BD4C2203295600F3E1EC /* DismissModalAnimator.swift */; };
		08868DF62213ED28004998FC /* Photo.swift in Sources */ = {isa = PBXBuildFile; fileRef = 08868DF52213ED28004998FC /* Photo.swift */; };
		08868DF82213F209004998FC /* VKServices.swift in Sources */ = {isa = PBXBuildFile; fileRef = 08868DF72213F209004998FC /* VKServices.swift */; };
		08868DFA2213FF76004998FC /* Group.swift in Sources */ = {isa = PBXBuildFile; fileRef = 08868DF92213FF76004998FC /* Group.swift */; };
		08868DFC22143DCA004998FC /* WKWebView+Extension.swift in Sources */ = {isa = PBXBuildFile; fileRef = 08868DFB22143DCA004998FC /* WKWebView+Extension.swift */; };
		08868DFE22143EF3004998FC /* LoginWKWebViewController.swift in Sources */ = {isa = PBXBuildFile; fileRef = 08868DFD22143EF3004998FC /* LoginWKWebViewController.swift */; };
		08A9A81F220AD1BF00177622 /* Session.swift in Sources */ = {isa = PBXBuildFile; fileRef = 08A9A81E220AD1BF00177622 /* Session.swift */; };
		08D3E7F621F9A08400158CE4 /* ActivityIndicatorView.swift in Sources */ = {isa = PBXBuildFile; fileRef = 08D3E7F521F9A08400158CE4 /* ActivityIndicatorView.swift */; };
		08FD8FC021F59FEB0049C5EF /* Groups.swift in Sources */ = {isa = PBXBuildFile; fileRef = 08FD8FBF21F59FEB0049C5EF /* Groups.swift */; };
		08FD8FC221F5F4CC0049C5EF /* UIImageView+Extension.swift in Sources */ = {isa = PBXBuildFile; fileRef = 08FD8FC121F5F4CC0049C5EF /* UIImageView+Extension.swift */; };
		08FD8FC421F5F6F00049C5EF /* Assets.xcassets in Resources */ = {isa = PBXBuildFile; fileRef = 08FD8FC321F5F6F00049C5EF /* Assets.xcassets */; };
		08FD8FC721F5FDCC0049C5EF /* NewsTableViewController.swift in Sources */ = {isa = PBXBuildFile; fileRef = 08FD8FC621F5FDCC0049C5EF /* NewsTableViewController.swift */; };
		08FD8FC921F6015D0049C5EF /* News.swift in Sources */ = {isa = PBXBuildFile; fileRef = 08FD8FC821F6015D0049C5EF /* News.swift */; };
		08FD8FCB21F602060049C5EF /* NewsTableViewCell.swift in Sources */ = {isa = PBXBuildFile; fileRef = 08FD8FCA21F602060049C5EF /* NewsTableViewCell.swift */; };
		17DF375A384033B129E9793F /* Pods_gbVkontakte.framework in Frameworks */ = {isa = PBXBuildFile; fileRef = 6A0487C7EF0E1D369C20C123 /* Pods_gbVkontakte.framework */; };
		B02788D121F4DE5D0054A3B0 /* Friends.swift in Sources */ = {isa = PBXBuildFile; fileRef = B02788D021F4DE5D0054A3B0 /* Friends.swift */; };
		B038383221C6A83200750EBD /* AppDelegate.swift in Sources */ = {isa = PBXBuildFile; fileRef = B038383121C6A83200750EBD /* AppDelegate.swift */; };
		B038383721C6A83200750EBD /* Main.storyboard in Resources */ = {isa = PBXBuildFile; fileRef = B038383521C6A83200750EBD /* Main.storyboard */; };
		B038383C21C6A83200750EBD /* LaunchScreen.storyboard in Resources */ = {isa = PBXBuildFile; fileRef = B038383A21C6A83200750EBD /* LaunchScreen.storyboard */; };
		B038384421C6A87500750EBD /* LoginFormController.swift in Sources */ = {isa = PBXBuildFile; fileRef = B038384321C6A87500750EBD /* LoginFormController.swift */; };
		B038851F220F0D540054A78F /* VKLoginController.swift in Sources */ = {isa = PBXBuildFile; fileRef = B038851E220F0D540054A78F /* VKLoginController.swift */; };
		B0388524220F181B0054A78F /* ActionOnVKController.swift in Sources */ = {isa = PBXBuildFile; fileRef = B0388523220F181B0054A78F /* ActionOnVKController.swift */; };
		B038852A220F23A60054A78F /* GetGroupsByRequest.swift in Sources */ = {isa = PBXBuildFile; fileRef = B0388529220F23A60054A78F /* GetGroupsByRequest.swift */; };
		B05F03F021D8D4E0000836E0 /* FriendCollectionViewController.swift in Sources */ = {isa = PBXBuildFile; fileRef = B05F03EF21D8D4E0000836E0 /* FriendCollectionViewController.swift */; };
		B05F03F221D8D4F5000836E0 /* FriendCollectionViewCell.swift in Sources */ = {isa = PBXBuildFile; fileRef = B05F03F121D8D4F5000836E0 /* FriendCollectionViewCell.swift */; };
		B063473321CC26A700950FFB /* Constants.swift in Sources */ = {isa = PBXBuildFile; fileRef = B063473221CC26A700950FFB /* Constants.swift */; };
		B063473521CC2E6800950FFB /* MyGroupsTableViewController.swift in Sources */ = {isa = PBXBuildFile; fileRef = B063473421CC2E6800950FFB /* MyGroupsTableViewController.swift */; };
		B063473721CC303400950FFB /* FriendsViewController.swift in Sources */ = {isa = PBXBuildFile; fileRef = B063473621CC303400950FFB /* FriendsViewController.swift */; };
		B084CE5C21D8A03E006018A5 /* FriendsTableViewCell.swift in Sources */ = {isa = PBXBuildFile; fileRef = B084CE5B21D8A03E006018A5 /* FriendsTableViewCell.swift */; };
		B084CE5F21D8A0EF006018A5 /* MyGroupsTableViewCell.swift in Sources */ = {isa = PBXBuildFile; fileRef = B084CE5E21D8A0EF006018A5 /* MyGroupsTableViewCell.swift */; };
		B0BE3458221331A4009509BE /* User.swift in Sources */ = {isa = PBXBuildFile; fileRef = B0BE3457221331A4009509BE /* User.swift */; };
		B0D9DA3921D92D6B00B1F574 /* AvailableGroupTableViewController.swift in Sources */ = {isa = PBXBuildFile; fileRef = B0D9DA3821D92D6B00B1F574 /* AvailableGroupTableViewController.swift */; };
		B0D9DA3B21D92D8100B1F574 /* AvailableGroupTableViewCell.swift in Sources */ = {isa = PBXBuildFile; fileRef = B0D9DA3A21D92D8100B1F574 /* AvailableGroupTableViewCell.swift */; };
		B0F87FA82203667500DAC6C2 /* AllImageViewController.swift in Sources */ = {isa = PBXBuildFile; fileRef = B0F87FA72203667500DAC6C2 /* AllImageViewController.swift */; };
		B0FD55A121E3668700B90466 /* AvatarImageView.swift in Sources */ = {isa = PBXBuildFile; fileRef = B0FD55A021E3668700B90466 /* AvatarImageView.swift */; };
		B0FD55A321E3872500B90466 /* OuterView.swift in Sources */ = {isa = PBXBuildFile; fileRef = B0FD55A221E3872500B90466 /* OuterView.swift */; };
		B0FD55A721E38F1300B90466 /* RatingControl.swift in Sources */ = {isa = PBXBuildFile; fileRef = B0FD55A621E38F1300B90466 /* RatingControl.swift */; };
/* End PBXBuildFile section */

/* Begin PBXFileReference section */
		014DC2C799873D4EFBEA74DC /* Pods-gbVkontakte.debug.xcconfig */ = {isa = PBXFileReference; includeInIndex = 1; lastKnownFileType = text.xcconfig; name = "Pods-gbVkontakte.debug.xcconfig"; path = "Pods/Target Support Files/Pods-gbVkontakte/Pods-gbVkontakte.debug.xcconfig"; sourceTree = "<group>"; };
		0879BD422203262C00F3E1EC /* NavigationController.swift */ = {isa = PBXFileReference; lastKnownFileType = sourcecode.swift; path = NavigationController.swift; sourceTree = "<group>"; };
		0879BD442203265400F3E1EC /* PushAnimator.swift */ = {isa = PBXFileReference; lastKnownFileType = sourcecode.swift; path = PushAnimator.swift; sourceTree = "<group>"; };
		0879BD462203269E00F3E1EC /* PopAnimator.swift */ = {isa = PBXFileReference; lastKnownFileType = sourcecode.swift; path = PopAnimator.swift; sourceTree = "<group>"; };
		0879BD48220326D700F3E1EC /* InteractiveTransition.swift */ = {isa = PBXFileReference; lastKnownFileType = sourcecode.swift; path = InteractiveTransition.swift; sourceTree = "<group>"; };
		0879BD4A2203293900F3E1EC /* PresentModalAnimator.swift */ = {isa = PBXFileReference; lastKnownFileType = sourcecode.swift; path = PresentModalAnimator.swift; sourceTree = "<group>"; };
		0879BD4C2203295600F3E1EC /* DismissModalAnimator.swift */ = {isa = PBXFileReference; lastKnownFileType = sourcecode.swift; path = DismissModalAnimator.swift; sourceTree = "<group>"; };
		08868DF52213ED28004998FC /* Photo.swift */ = {isa = PBXFileReference; lastKnownFileType = sourcecode.swift; path = Photo.swift; sourceTree = "<group>"; };
		08868DF72213F209004998FC /* VKServices.swift */ = {isa = PBXFileReference; lastKnownFileType = sourcecode.swift; path = VKServices.swift; sourceTree = "<group>"; };
		08868DF92213FF76004998FC /* Group.swift */ = {isa = PBXFileReference; lastKnownFileType = sourcecode.swift; path = Group.swift; sourceTree = "<group>"; };
		08868DFB22143DCA004998FC /* WKWebView+Extension.swift */ = {isa = PBXFileReference; lastKnownFileType = sourcecode.swift; path = "WKWebView+Extension.swift"; sourceTree = "<group>"; };
		08868DFD22143EF3004998FC /* LoginWKWebViewController.swift */ = {isa = PBXFileReference; lastKnownFileType = sourcecode.swift; path = LoginWKWebViewController.swift; sourceTree = "<group>"; };
		08A9A81E220AD1BF00177622 /* Session.swift */ = {isa = PBXFileReference; lastKnownFileType = sourcecode.swift; path = Session.swift; sourceTree = "<group>"; };
		08D3E7F521F9A08400158CE4 /* ActivityIndicatorView.swift */ = {isa = PBXFileReference; lastKnownFileType = sourcecode.swift; path = ActivityIndicatorView.swift; sourceTree = "<group>"; };
		08FD8FBF21F59FEB0049C5EF /* Groups.swift */ = {isa = PBXFileReference; lastKnownFileType = sourcecode.swift; path = Groups.swift; sourceTree = "<group>"; };
		08FD8FC121F5F4CC0049C5EF /* UIImageView+Extension.swift */ = {isa = PBXFileReference; lastKnownFileType = sourcecode.swift; path = "UIImageView+Extension.swift"; sourceTree = "<group>"; };
		08FD8FC321F5F6F00049C5EF /* Assets.xcassets */ = {isa = PBXFileReference; lastKnownFileType = folder.assetcatalog; path = Assets.xcassets; sourceTree = "<group>"; };
		08FD8FC621F5FDCC0049C5EF /* NewsTableViewController.swift */ = {isa = PBXFileReference; lastKnownFileType = sourcecode.swift; path = NewsTableViewController.swift; sourceTree = "<group>"; };
		08FD8FC821F6015D0049C5EF /* News.swift */ = {isa = PBXFileReference; lastKnownFileType = sourcecode.swift; path = News.swift; sourceTree = "<group>"; };
		08FD8FCA21F602060049C5EF /* NewsTableViewCell.swift */ = {isa = PBXFileReference; lastKnownFileType = sourcecode.swift; path = NewsTableViewCell.swift; sourceTree = "<group>"; };
		66FBDFB091489DAD1C5B88D2 /* Pods-gbVkontakte.release.xcconfig */ = {isa = PBXFileReference; includeInIndex = 1; lastKnownFileType = text.xcconfig; name = "Pods-gbVkontakte.release.xcconfig"; path = "Pods/Target Support Files/Pods-gbVkontakte/Pods-gbVkontakte.release.xcconfig"; sourceTree = "<group>"; };
		6A0487C7EF0E1D369C20C123 /* Pods_gbVkontakte.framework */ = {isa = PBXFileReference; explicitFileType = wrapper.framework; includeInIndex = 0; path = Pods_gbVkontakte.framework; sourceTree = BUILT_PRODUCTS_DIR; };
		B02788D021F4DE5D0054A3B0 /* Friends.swift */ = {isa = PBXFileReference; lastKnownFileType = sourcecode.swift; path = Friends.swift; sourceTree = "<group>"; };
		B038382E21C6A83200750EBD /* gbVkontakte.app */ = {isa = PBXFileReference; explicitFileType = wrapper.application; includeInIndex = 0; path = gbVkontakte.app; sourceTree = BUILT_PRODUCTS_DIR; };
		B038383121C6A83200750EBD /* AppDelegate.swift */ = {isa = PBXFileReference; lastKnownFileType = sourcecode.swift; path = AppDelegate.swift; sourceTree = "<group>"; };
		B038383621C6A83200750EBD /* Base */ = {isa = PBXFileReference; lastKnownFileType = file.storyboard; name = Base; path = Base.lproj/Main.storyboard; sourceTree = "<group>"; };
		B038383B21C6A83200750EBD /* Base */ = {isa = PBXFileReference; lastKnownFileType = file.storyboard; name = Base; path = Base.lproj/LaunchScreen.storyboard; sourceTree = "<group>"; };
		B038383D21C6A83200750EBD /* Info.plist */ = {isa = PBXFileReference; lastKnownFileType = text.plist.xml; path = Info.plist; sourceTree = "<group>"; };
		B038384321C6A87500750EBD /* LoginFormController.swift */ = {isa = PBXFileReference; lastKnownFileType = sourcecode.swift; path = LoginFormController.swift; sourceTree = "<group>"; };
		B038851E220F0D540054A78F /* VKLoginController.swift */ = {isa = PBXFileReference; lastKnownFileType = sourcecode.swift; path = VKLoginController.swift; sourceTree = "<group>"; };
		B0388523220F181B0054A78F /* ActionOnVKController.swift */ = {isa = PBXFileReference; lastKnownFileType = sourcecode.swift; path = ActionOnVKController.swift; sourceTree = "<group>"; };
		B0388529220F23A60054A78F /* GetGroupsByRequest.swift */ = {isa = PBXFileReference; lastKnownFileType = sourcecode.swift; path = GetGroupsByRequest.swift; sourceTree = "<group>"; };
		B05F03EF21D8D4E0000836E0 /* FriendCollectionViewController.swift */ = {isa = PBXFileReference; lastKnownFileType = sourcecode.swift; path = FriendCollectionViewController.swift; sourceTree = "<group>"; };
		B05F03F121D8D4F5000836E0 /* FriendCollectionViewCell.swift */ = {isa = PBXFileReference; lastKnownFileType = sourcecode.swift; path = FriendCollectionViewCell.swift; sourceTree = "<group>"; };
		B063473221CC26A700950FFB /* Constants.swift */ = {isa = PBXFileReference; lastKnownFileType = sourcecode.swift; path = Constants.swift; sourceTree = "<group>"; };
		B063473421CC2E6800950FFB /* MyGroupsTableViewController.swift */ = {isa = PBXFileReference; lastKnownFileType = sourcecode.swift; path = MyGroupsTableViewController.swift; sourceTree = "<group>"; };
		B063473621CC303400950FFB /* FriendsViewController.swift */ = {isa = PBXFileReference; lastKnownFileType = sourcecode.swift; path = FriendsViewController.swift; sourceTree = "<group>"; };
		B084CE5B21D8A03E006018A5 /* FriendsTableViewCell.swift */ = {isa = PBXFileReference; lastKnownFileType = sourcecode.swift; path = FriendsTableViewCell.swift; sourceTree = "<group>"; };
		B084CE5E21D8A0EF006018A5 /* MyGroupsTableViewCell.swift */ = {isa = PBXFileReference; lastKnownFileType = sourcecode.swift; path = MyGroupsTableViewCell.swift; sourceTree = "<group>"; };
		B0BE3457221331A4009509BE /* User.swift */ = {isa = PBXFileReference; lastKnownFileType = sourcecode.swift; path = User.swift; sourceTree = "<group>"; };
		B0D9DA3821D92D6B00B1F574 /* AvailableGroupTableViewController.swift */ = {isa = PBXFileReference; lastKnownFileType = sourcecode.swift; path = AvailableGroupTableViewController.swift; sourceTree = "<group>"; };
		B0D9DA3A21D92D8100B1F574 /* AvailableGroupTableViewCell.swift */ = {isa = PBXFileReference; lastKnownFileType = sourcecode.swift; path = AvailableGroupTableViewCell.swift; sourceTree = "<group>"; };
		B0F87FA72203667500DAC6C2 /* AllImageViewController.swift */ = {isa = PBXFileReference; lastKnownFileType = sourcecode.swift; path = AllImageViewController.swift; sourceTree = "<group>"; };
		B0FD55A021E3668700B90466 /* AvatarImageView.swift */ = {isa = PBXFileReference; lastKnownFileType = sourcecode.swift; path = AvatarImageView.swift; sourceTree = "<group>"; };
		B0FD55A221E3872500B90466 /* OuterView.swift */ = {isa = PBXFileReference; lastKnownFileType = sourcecode.swift; path = OuterView.swift; sourceTree = "<group>"; };
		B0FD55A621E38F1300B90466 /* RatingControl.swift */ = {isa = PBXFileReference; lastKnownFileType = sourcecode.swift; path = RatingControl.swift; sourceTree = "<group>"; };
/* End PBXFileReference section */

/* Begin PBXFrameworksBuildPhase section */
		B038382B21C6A83200750EBD /* Frameworks */ = {
			isa = PBXFrameworksBuildPhase;
			buildActionMask = 2147483647;
			files = (
				17DF375A384033B129E9793F /* Pods_gbVkontakte.framework in Frameworks */,
			);
			runOnlyForDeploymentPostprocessing = 0;
		};
/* End PBXFrameworksBuildPhase section */

/* Begin PBXGroup section */
		0817BDF12203396B00BD1EDB /* AllImages */ = {
			isa = PBXGroup;
			children = (
				B0F87FA72203667500DAC6C2 /* AllImageViewController.swift */,
			);
			path = AllImages;
			sourceTree = "<group>";
		};
		085249D62216B40100B1D78E /* Realm */ = {
			isa = PBXGroup;
			children = (
			);
			path = Realm;
			sourceTree = "<group>";
		};
		0879BD412203261300F3E1EC /* Transitions */ = {
			isa = PBXGroup;
			children = (
				0879BD422203262C00F3E1EC /* NavigationController.swift */,
				0879BD442203265400F3E1EC /* PushAnimator.swift */,
				0879BD462203269E00F3E1EC /* PopAnimator.swift */,
				0879BD48220326D700F3E1EC /* InteractiveTransition.swift */,
				0879BD4A2203293900F3E1EC /* PresentModalAnimator.swift */,
				0879BD4C2203295600F3E1EC /* DismissModalAnimator.swift */,
			);
			path = Transitions;
			sourceTree = "<group>";
		};
		08FD8FC521F5FDAE0049C5EF /* News */ = {
			isa = PBXGroup;
			children = (
				08FD8FC621F5FDCC0049C5EF /* NewsTableViewController.swift */,
				08FD8FCA21F602060049C5EF /* NewsTableViewCell.swift */,
			);
			path = News;
			sourceTree = "<group>";
		};
		732881E5593E408772A51E11 /* Pods */ = {
			isa = PBXGroup;
			children = (
				014DC2C799873D4EFBEA74DC /* Pods-gbVkontakte.debug.xcconfig */,
				66FBDFB091489DAD1C5B88D2 /* Pods-gbVkontakte.release.xcconfig */,
			);
			name = Pods;
			sourceTree = "<group>";
		};
		B02788CF21F4DE3C0054A3B0 /* Data */ = {
			isa = PBXGroup;
			children = (
				B02788D021F4DE5D0054A3B0 /* Friends.swift */,
				08FD8FBF21F59FEB0049C5EF /* Groups.swift */,
				08FD8FC821F6015D0049C5EF /* News.swift */,
				08A9A81E220AD1BF00177622 /* Session.swift */,
				B0BE3457221331A4009509BE /* User.swift */,
				08868DF52213ED28004998FC /* Photo.swift */,
				08868DF92213FF76004998FC /* Group.swift */,
			);
			path = Data;
			sourceTree = "<group>";
		};
		B038382521C6A83200750EBD = {
			isa = PBXGroup;
			children = (
				B038383021C6A83200750EBD /* gbVkontakte */,
				B038382F21C6A83200750EBD /* Products */,
				732881E5593E408772A51E11 /* Pods */,
				B95B329742C4D74AB3A4DE04 /* Frameworks */,
			);
			sourceTree = "<group>";
		};
		B038382F21C6A83200750EBD /* Products */ = {
			isa = PBXGroup;
			children = (
				B038382E21C6A83200750EBD /* gbVkontakte.app */,
			);
			name = Products;
			sourceTree = "<group>";
		};
		B038383021C6A83200750EBD /* gbVkontakte */ = {
			isa = PBXGroup;
			children = (
				085249D62216B40100B1D78E /* Realm */,
				B0388520220F163F0054A78F /* Services */,
				0817BDF12203396B00BD1EDB /* AllImages */,
				0879BD412203261300F3E1EC /* Transitions */,
				08FD8FC521F5FDAE0049C5EF /* News */,
				B02788CF21F4DE3C0054A3B0 /* Data */,
				B05F03F321D90039000836E0 /* Helper */,
				B05F03EE21D8D4C2000836E0 /* Friend */,
				B084CE5A21D8A014006018A5 /* Friends */,
				B084CE5D21D8A0BE006018A5 /* Groups */,
				B038383121C6A83200750EBD /* AppDelegate.swift */,
				B0388523220F181B0054A78F /* ActionOnVKController.swift */,
				B038384321C6A87500750EBD /* LoginFormController.swift */,
				08868DFD22143EF3004998FC /* LoginWKWebViewController.swift */,
				B038851E220F0D540054A78F /* VKLoginController.swift */,
				B038383521C6A83200750EBD /* Main.storyboard */,
				B038383A21C6A83200750EBD /* LaunchScreen.storyboard */,
				B038383D21C6A83200750EBD /* Info.plist */,
				08FD8FC321F5F6F00049C5EF /* Assets.xcassets */,
			);
			path = gbVkontakte;
			sourceTree = "<group>";
		};
		B0388520220F163F0054A78F /* Services */ = {
			isa = PBXGroup;
			children = (
				B0388529220F23A60054A78F /* GetGroupsByRequest.swift */,
				08868DF72213F209004998FC /* VKServices.swift */,
			);
			path = Services;
			sourceTree = "<group>";
		};
		B05F03EE21D8D4C2000836E0 /* Friend */ = {
			isa = PBXGroup;
			children = (
				B05F03EF21D8D4E0000836E0 /* FriendCollectionViewController.swift */,
				B05F03F121D8D4F5000836E0 /* FriendCollectionViewCell.swift */,
			);
			path = Friend;
			sourceTree = "<group>";
		};
		B05F03F321D90039000836E0 /* Helper */ = {
			isa = PBXGroup;
			children = (
				B063473221CC26A700950FFB /* Constants.swift */,
				B0FD55A621E38F1300B90466 /* RatingControl.swift */,
				08FD8FC121F5F4CC0049C5EF /* UIImageView+Extension.swift */,
				08D3E7F521F9A08400158CE4 /* ActivityIndicatorView.swift */,
				08868DFB22143DCA004998FC /* WKWebView+Extension.swift */,
			);
			path = Helper;
			sourceTree = "<group>";
		};
		B084CE5A21D8A014006018A5 /* Friends */ = {
			isa = PBXGroup;
			children = (
				B063473621CC303400950FFB /* FriendsViewController.swift */,
				B084CE5B21D8A03E006018A5 /* FriendsTableViewCell.swift */,
				B0FD55A021E3668700B90466 /* AvatarImageView.swift */,
				B0FD55A221E3872500B90466 /* OuterView.swift */,
			);
			path = Friends;
			sourceTree = "<group>";
		};
		B084CE5D21D8A0BE006018A5 /* Groups */ = {
			isa = PBXGroup;
			children = (
				B0D9DA3721D92D3800B1F574 /* AvailableGroup */,
				B0D9DA3621D92D2C00B1F574 /* MyGroups */,
			);
			path = Groups;
			sourceTree = "<group>";
		};
		B0D9DA3621D92D2C00B1F574 /* MyGroups */ = {
			isa = PBXGroup;
			children = (
				B063473421CC2E6800950FFB /* MyGroupsTableViewController.swift */,
				B084CE5E21D8A0EF006018A5 /* MyGroupsTableViewCell.swift */,
			);
			path = MyGroups;
			sourceTree = "<group>";
		};
		B0D9DA3721D92D3800B1F574 /* AvailableGroup */ = {
			isa = PBXGroup;
			children = (
				B0D9DA3821D92D6B00B1F574 /* AvailableGroupTableViewController.swift */,
				B0D9DA3A21D92D8100B1F574 /* AvailableGroupTableViewCell.swift */,
			);
			path = AvailableGroup;
			sourceTree = "<group>";
		};
		B95B329742C4D74AB3A4DE04 /* Frameworks */ = {
			isa = PBXGroup;
			children = (
				6A0487C7EF0E1D369C20C123 /* Pods_gbVkontakte.framework */,
			);
			name = Frameworks;
			sourceTree = "<group>";
		};
/* End PBXGroup section */

/* Begin PBXNativeTarget section */
		B038382D21C6A83200750EBD /* gbVkontakte */ = {
			isa = PBXNativeTarget;
			buildConfigurationList = B038384021C6A83200750EBD /* Build configuration list for PBXNativeTarget "gbVkontakte" */;
			buildPhases = (
				68D1136FDCAA93B52BBE6309 /* [CP] Check Pods Manifest.lock */,
				B038382A21C6A83200750EBD /* Sources */,
				B038382B21C6A83200750EBD /* Frameworks */,
				B038382C21C6A83200750EBD /* Resources */,
				36661F16ED0F7E8EBC6B2F13 /* [CP] Embed Pods Frameworks */,
			);
			buildRules = (
			);
			dependencies = (
			);
			name = gbVkontakte;
			productName = gbVkontakte;
			productReference = B038382E21C6A83200750EBD /* gbVkontakte.app */;
			productType = "com.apple.product-type.application";
		};
/* End PBXNativeTarget section */

/* Begin PBXProject section */
		B038382621C6A83200750EBD /* Project object */ = {
			isa = PBXProject;
			attributes = {
				LastSwiftUpdateCheck = 1010;
				LastUpgradeCheck = 1010;
				ORGANIZATIONNAME = "Maksim Nosov";
				TargetAttributes = {
					B038382D21C6A83200750EBD = {
						CreatedOnToolsVersion = 10.1;
					};
				};
			};
			buildConfigurationList = B038382921C6A83200750EBD /* Build configuration list for PBXProject "gbVkontakte" */;
			compatibilityVersion = "Xcode 9.3";
			developmentRegion = en;
			hasScannedForEncodings = 0;
			knownRegions = (
				en,
				Base,
			);
			mainGroup = B038382521C6A83200750EBD;
			productRefGroup = B038382F21C6A83200750EBD /* Products */;
			projectDirPath = "";
			projectRoot = "";
			targets = (
				B038382D21C6A83200750EBD /* gbVkontakte */,
			);
		};
/* End PBXProject section */

/* Begin PBXResourcesBuildPhase section */
		B038382C21C6A83200750EBD /* Resources */ = {
			isa = PBXResourcesBuildPhase;
			buildActionMask = 2147483647;
			files = (
				B038383C21C6A83200750EBD /* LaunchScreen.storyboard in Resources */,
				08FD8FC421F5F6F00049C5EF /* Assets.xcassets in Resources */,
				B038383721C6A83200750EBD /* Main.storyboard in Resources */,
			);
			runOnlyForDeploymentPostprocessing = 0;
		};
/* End PBXResourcesBuildPhase section */

/* Begin PBXShellScriptBuildPhase section */
		36661F16ED0F7E8EBC6B2F13 /* [CP] Embed Pods Frameworks */ = {
			isa = PBXShellScriptBuildPhase;
			buildActionMask = 2147483647;
			files = (
			);
			inputPaths = (
				"${SRCROOT}/Pods/Target Support Files/Pods-gbVkontakte/Pods-gbVkontakte-frameworks.sh",
				"${BUILT_PRODUCTS_DIR}/Alamofire/Alamofire.framework",
				"${BUILT_PRODUCTS_DIR}/Kingfisher/Kingfisher.framework",
				"${BUILT_PRODUCTS_DIR}/Realm/Realm.framework",
				"${BUILT_PRODUCTS_DIR}/RealmSwift/RealmSwift.framework",
				"${BUILT_PRODUCTS_DIR}/SwiftyJSON/SwiftyJSON.framework",
			);
			name = "[CP] Embed Pods Frameworks";
			outputPaths = (
				"${TARGET_BUILD_DIR}/${FRAMEWORKS_FOLDER_PATH}/Alamofire.framework",
				"${TARGET_BUILD_DIR}/${FRAMEWORKS_FOLDER_PATH}/Kingfisher.framework",
				"${TARGET_BUILD_DIR}/${FRAMEWORKS_FOLDER_PATH}/Realm.framework",
				"${TARGET_BUILD_DIR}/${FRAMEWORKS_FOLDER_PATH}/RealmSwift.framework",
				"${TARGET_BUILD_DIR}/${FRAMEWORKS_FOLDER_PATH}/SwiftyJSON.framework",
			);
			runOnlyForDeploymentPostprocessing = 0;
			shellPath = /bin/sh;
			shellScript = "\"${SRCROOT}/Pods/Target Support Files/Pods-gbVkontakte/Pods-gbVkontakte-frameworks.sh\"\n";
			showEnvVarsInLog = 0;
		};
		68D1136FDCAA93B52BBE6309 /* [CP] Check Pods Manifest.lock */ = {
			isa = PBXShellScriptBuildPhase;
			buildActionMask = 2147483647;
			files = (
			);
			inputPaths = (
				"${PODS_PODFILE_DIR_PATH}/Podfile.lock",
				"${PODS_ROOT}/Manifest.lock",
			);
			name = "[CP] Check Pods Manifest.lock";
			outputPaths = (
				"$(DERIVED_FILE_DIR)/Pods-gbVkontakte-checkManifestLockResult.txt",
			);
			runOnlyForDeploymentPostprocessing = 0;
			shellPath = /bin/sh;
			shellScript = "diff \"${PODS_PODFILE_DIR_PATH}/Podfile.lock\" \"${PODS_ROOT}/Manifest.lock\" > /dev/null\nif [ $? != 0 ] ; then\n    # print error to STDERR\n    echo \"error: The sandbox is not in sync with the Podfile.lock. Run 'pod install' or update your CocoaPods installation.\" >&2\n    exit 1\nfi\n# This output is used by Xcode 'outputs' to avoid re-running this script phase.\necho \"SUCCESS\" > \"${SCRIPT_OUTPUT_FILE_0}\"\n";
			showEnvVarsInLog = 0;
		};
/* End PBXShellScriptBuildPhase section */

/* Begin PBXSourcesBuildPhase section */
		B038382A21C6A83200750EBD /* Sources */ = {
			isa = PBXSourcesBuildPhase;
			buildActionMask = 2147483647;
			files = (
				0879BD432203262C00F3E1EC /* NavigationController.swift in Sources */,
				08868DF62213ED28004998FC /* Photo.swift in Sources */,
				08A9A81F220AD1BF00177622 /* Session.swift in Sources */,
				B0FD55A721E38F1300B90466 /* RatingControl.swift in Sources */,
				B05F03F221D8D4F5000836E0 /* FriendCollectionViewCell.swift in Sources */,
				08FD8FCB21F602060049C5EF /* NewsTableViewCell.swift in Sources */,
				08868DFC22143DCA004998FC /* WKWebView+Extension.swift in Sources */,
				08868DFE22143EF3004998FC /* LoginWKWebViewController.swift in Sources */,
				B038852A220F23A60054A78F /* GetGroupsByRequest.swift in Sources */,
				B063473521CC2E6800950FFB /* MyGroupsTableViewController.swift in Sources */,
				B0FD55A321E3872500B90466 /* OuterView.swift in Sources */,
				0879BD4B2203293900F3E1EC /* PresentModalAnimator.swift in Sources */,
				B063473721CC303400950FFB /* FriendsViewController.swift in Sources */,
				08D3E7F621F9A08400158CE4 /* ActivityIndicatorView.swift in Sources */,
				B05F03F021D8D4E0000836E0 /* FriendCollectionViewController.swift in Sources */,
				08868DF82213F209004998FC /* VKServices.swift in Sources */,
				08FD8FC921F6015D0049C5EF /* News.swift in Sources */,
				B038383221C6A83200750EBD /* AppDelegate.swift in Sources */,
				08FD8FC021F59FEB0049C5EF /* Groups.swift in Sources */,
				0879BD49220326D700F3E1EC /* InteractiveTransition.swift in Sources */,
				08FD8FC721F5FDCC0049C5EF /* NewsTableViewController.swift in Sources */,
				B038851F220F0D540054A78F /* VKLoginController.swift in Sources */,
				B084CE5F21D8A0EF006018A5 /* MyGroupsTableViewCell.swift in Sources */,
				B0D9DA3921D92D6B00B1F574 /* AvailableGroupTableViewController.swift in Sources */,
				B0D9DA3B21D92D8100B1F574 /* AvailableGroupTableViewCell.swift in Sources */,
				B084CE5C21D8A03E006018A5 /* FriendsTableViewCell.swift in Sources */,
				B0388524220F181B0054A78F /* ActionOnVKController.swift in Sources */,
				08868DFA2213FF76004998FC /* Group.swift in Sources */,
				B0FD55A121E3668700B90466 /* AvatarImageView.swift in Sources */,
				0879BD4D2203295600F3E1EC /* DismissModalAnimator.swift in Sources */,
				B038384421C6A87500750EBD /* LoginFormController.swift in Sources */,
				B0F87FA82203667500DAC6C2 /* AllImageViewController.swift in Sources */,
				B02788D121F4DE5D0054A3B0 /* Friends.swift in Sources */,
				08FD8FC221F5F4CC0049C5EF /* UIImageView+Extension.swift in Sources */,
				B0BE3458221331A4009509BE /* User.swift in Sources */,
				B063473321CC26A700950FFB /* Constants.swift in Sources */,
				0879BD472203269E00F3E1EC /* PopAnimator.swift in Sources */,
				0879BD452203265400F3E1EC /* PushAnimator.swift in Sources */,
			);
			runOnlyForDeploymentPostprocessing = 0;
		};
/* End PBXSourcesBuildPhase section */

/* Begin PBXVariantGroup section */
		B038383521C6A83200750EBD /* Main.storyboard */ = {
			isa = PBXVariantGroup;
			children = (
				B038383621C6A83200750EBD /* Base */,
			);
			name = Main.storyboard;
			sourceTree = "<group>";
		};
		B038383A21C6A83200750EBD /* LaunchScreen.storyboard */ = {
			isa = PBXVariantGroup;
			children = (
				B038383B21C6A83200750EBD /* Base */,
			);
			name = LaunchScreen.storyboard;
			sourceTree = "<group>";
		};
/* End PBXVariantGroup section */

/* Begin XCBuildConfiguration section */
		B038383E21C6A83200750EBD /* Debug */ = {
			isa = XCBuildConfiguration;
			buildSettings = {
				ALWAYS_SEARCH_USER_PATHS = NO;
				CLANG_ANALYZER_NONNULL = YES;
				CLANG_ANALYZER_NUMBER_OBJECT_CONVERSION = YES_AGGRESSIVE;
				CLANG_CXX_LANGUAGE_STANDARD = "gnu++14";
				CLANG_CXX_LIBRARY = "libc++";
				CLANG_ENABLE_MODULES = YES;
				CLANG_ENABLE_OBJC_ARC = YES;
				CLANG_ENABLE_OBJC_WEAK = YES;
				CLANG_WARN_BLOCK_CAPTURE_AUTORELEASING = YES;
				CLANG_WARN_BOOL_CONVERSION = YES;
				CLANG_WARN_COMMA = YES;
				CLANG_WARN_CONSTANT_CONVERSION = YES;
				CLANG_WARN_DEPRECATED_OBJC_IMPLEMENTATIONS = YES;
				CLANG_WARN_DIRECT_OBJC_ISA_USAGE = YES_ERROR;
				CLANG_WARN_DOCUMENTATION_COMMENTS = YES;
				CLANG_WARN_EMPTY_BODY = YES;
				CLANG_WARN_ENUM_CONVERSION = YES;
				CLANG_WARN_INFINITE_RECURSION = YES;
				CLANG_WARN_INT_CONVERSION = YES;
				CLANG_WARN_NON_LITERAL_NULL_CONVERSION = YES;
				CLANG_WARN_OBJC_IMPLICIT_RETAIN_SELF = YES;
				CLANG_WARN_OBJC_LITERAL_CONVERSION = YES;
				CLANG_WARN_OBJC_ROOT_CLASS = YES_ERROR;
				CLANG_WARN_RANGE_LOOP_ANALYSIS = YES;
				CLANG_WARN_STRICT_PROTOTYPES = YES;
				CLANG_WARN_SUSPICIOUS_MOVE = YES;
				CLANG_WARN_UNGUARDED_AVAILABILITY = YES_AGGRESSIVE;
				CLANG_WARN_UNREACHABLE_CODE = YES;
				CLANG_WARN__DUPLICATE_METHOD_MATCH = YES;
				CODE_SIGN_IDENTITY = "iPhone Developer";
				COPY_PHASE_STRIP = NO;
				DEBUG_INFORMATION_FORMAT = dwarf;
				ENABLE_STRICT_OBJC_MSGSEND = YES;
				ENABLE_TESTABILITY = YES;
				GCC_C_LANGUAGE_STANDARD = gnu11;
				GCC_DYNAMIC_NO_PIC = NO;
				GCC_NO_COMMON_BLOCKS = YES;
				GCC_OPTIMIZATION_LEVEL = 0;
				GCC_PREPROCESSOR_DEFINITIONS = (
					"DEBUG=1",
					"$(inherited)",
				);
				GCC_WARN_64_TO_32_BIT_CONVERSION = YES;
				GCC_WARN_ABOUT_RETURN_TYPE = YES_ERROR;
				GCC_WARN_UNDECLARED_SELECTOR = YES;
				GCC_WARN_UNINITIALIZED_AUTOS = YES_AGGRESSIVE;
				GCC_WARN_UNUSED_FUNCTION = YES;
				GCC_WARN_UNUSED_VARIABLE = YES;
				IPHONEOS_DEPLOYMENT_TARGET = 12.1;
				MTL_ENABLE_DEBUG_INFO = INCLUDE_SOURCE;
				MTL_FAST_MATH = YES;
				ONLY_ACTIVE_ARCH = YES;
				SDKROOT = iphoneos;
				SWIFT_ACTIVE_COMPILATION_CONDITIONS = DEBUG;
				SWIFT_OPTIMIZATION_LEVEL = "-Onone";
			};
			name = Debug;
		};
		B038383F21C6A83200750EBD /* Release */ = {
			isa = XCBuildConfiguration;
			buildSettings = {
				ALWAYS_SEARCH_USER_PATHS = NO;
				CLANG_ANALYZER_NONNULL = YES;
				CLANG_ANALYZER_NUMBER_OBJECT_CONVERSION = YES_AGGRESSIVE;
				CLANG_CXX_LANGUAGE_STANDARD = "gnu++14";
				CLANG_CXX_LIBRARY = "libc++";
				CLANG_ENABLE_MODULES = YES;
				CLANG_ENABLE_OBJC_ARC = YES;
				CLANG_ENABLE_OBJC_WEAK = YES;
				CLANG_WARN_BLOCK_CAPTURE_AUTORELEASING = YES;
				CLANG_WARN_BOOL_CONVERSION = YES;
				CLANG_WARN_COMMA = YES;
				CLANG_WARN_CONSTANT_CONVERSION = YES;
				CLANG_WARN_DEPRECATED_OBJC_IMPLEMENTATIONS = YES;
				CLANG_WARN_DIRECT_OBJC_ISA_USAGE = YES_ERROR;
				CLANG_WARN_DOCUMENTATION_COMMENTS = YES;
				CLANG_WARN_EMPTY_BODY = YES;
				CLANG_WARN_ENUM_CONVERSION = YES;
				CLANG_WARN_INFINITE_RECURSION = YES;
				CLANG_WARN_INT_CONVERSION = YES;
				CLANG_WARN_NON_LITERAL_NULL_CONVERSION = YES;
				CLANG_WARN_OBJC_IMPLICIT_RETAIN_SELF = YES;
				CLANG_WARN_OBJC_LITERAL_CONVERSION = YES;
				CLANG_WARN_OBJC_ROOT_CLASS = YES_ERROR;
				CLANG_WARN_RANGE_LOOP_ANALYSIS = YES;
				CLANG_WARN_STRICT_PROTOTYPES = YES;
				CLANG_WARN_SUSPICIOUS_MOVE = YES;
				CLANG_WARN_UNGUARDED_AVAILABILITY = YES_AGGRESSIVE;
				CLANG_WARN_UNREACHABLE_CODE = YES;
				CLANG_WARN__DUPLICATE_METHOD_MATCH = YES;
				CODE_SIGN_IDENTITY = "iPhone Developer";
				COPY_PHASE_STRIP = NO;
				DEBUG_INFORMATION_FORMAT = "dwarf-with-dsym";
				ENABLE_NS_ASSERTIONS = NO;
				ENABLE_STRICT_OBJC_MSGSEND = YES;
				GCC_C_LANGUAGE_STANDARD = gnu11;
				GCC_NO_COMMON_BLOCKS = YES;
				GCC_WARN_64_TO_32_BIT_CONVERSION = YES;
				GCC_WARN_ABOUT_RETURN_TYPE = YES_ERROR;
				GCC_WARN_UNDECLARED_SELECTOR = YES;
				GCC_WARN_UNINITIALIZED_AUTOS = YES_AGGRESSIVE;
				GCC_WARN_UNUSED_FUNCTION = YES;
				GCC_WARN_UNUSED_VARIABLE = YES;
				IPHONEOS_DEPLOYMENT_TARGET = 12.1;
				MTL_ENABLE_DEBUG_INFO = NO;
				MTL_FAST_MATH = YES;
				SDKROOT = iphoneos;
				SWIFT_COMPILATION_MODE = wholemodule;
				SWIFT_OPTIMIZATION_LEVEL = "-O";
				VALIDATE_PRODUCT = YES;
			};
			name = Release;
		};
		B038384121C6A83200750EBD /* Debug */ = {
			isa = XCBuildConfiguration;
			baseConfigurationReference = 014DC2C799873D4EFBEA74DC /* Pods-gbVkontakte.debug.xcconfig */;
			buildSettings = {
				ASSETCATALOG_COMPILER_APPICON_NAME = AppIcon;
				CODE_SIGN_STYLE = Automatic;
				DEVELOPMENT_TEAM = RXJ69EWCMT;
				INFOPLIST_FILE = gbVkontakte/Info.plist;
				LD_RUNPATH_SEARCH_PATHS = (
					"$(inherited)",
					"@executable_path/Frameworks",
				);
				PRODUCT_BUNDLE_IDENTIFIER = ozolc.gbVkontakte;
				PRODUCT_NAME = "$(TARGET_NAME)";
				SWIFT_VERSION = 4.2;
				TARGETED_DEVICE_FAMILY = "1,2";
			};
			name = Debug;
		};
		B038384221C6A83200750EBD /* Release */ = {
			isa = XCBuildConfiguration;
			baseConfigurationReference = 66FBDFB091489DAD1C5B88D2 /* Pods-gbVkontakte.release.xcconfig */;
			buildSettings = {
				ASSETCATALOG_COMPILER_APPICON_NAME = AppIcon;
				CODE_SIGN_STYLE = Automatic;
				DEVELOPMENT_TEAM = RXJ69EWCMT;
				INFOPLIST_FILE = gbVkontakte/Info.plist;
				LD_RUNPATH_SEARCH_PATHS = (
					"$(inherited)",
					"@executable_path/Frameworks",
				);
				PRODUCT_BUNDLE_IDENTIFIER = ozolc.gbVkontakte;
				PRODUCT_NAME = "$(TARGET_NAME)";
				SWIFT_VERSION = 4.2;
				TARGETED_DEVICE_FAMILY = "1,2";
			};
			name = Release;
		};
/* End XCBuildConfiguration section */

/* Begin XCConfigurationList section */
		B038382921C6A83200750EBD /* Build configuration list for PBXProject "gbVkontakte" */ = {
			isa = XCConfigurationList;
			buildConfigurations = (
				B038383E21C6A83200750EBD /* Debug */,
				B038383F21C6A83200750EBD /* Release */,
			);
			defaultConfigurationIsVisible = 0;
			defaultConfigurationName = Release;
		};
		B038384021C6A83200750EBD /* Build configuration list for PBXNativeTarget "gbVkontakte" */ = {
			isa = XCConfigurationList;
			buildConfigurations = (
				B038384121C6A83200750EBD /* Debug */,
				B038384221C6A83200750EBD /* Release */,
			);
			defaultConfigurationIsVisible = 0;
			defaultConfigurationName = Release;
		};
/* End XCConfigurationList section */
	};
	rootObject = B038382621C6A83200750EBD /* Project object */;
}
